
Microsoft Visual Studio Solution File, Format Version 12.00
# Visual Studio Version 16
VisualStudioVersion = 16.0.31702.278
MinimumVisualStudioVersion = 10.0.40219.1
Project("{FAE04EC0-301F-11D3-BF4B-00C04F79EFBC}") = "CheneyCupboardBlazerApplication", "CheneyCupboardBlazerApplication\CheneyCupboardBlazerApplication.csproj", "{46A449CB-8ECF-4648-AF5A-0C09D3A438B5}"
EndProject
Global
	GlobalSection(SolutionConfigurationPlatforms) = preSolution
		Debug|Any CPU = Debug|Any CPU
		Release|Any CPU = Release|Any CPU
	EndGlobalSection
	GlobalSection(ProjectConfigurationPlatforms) = postSolution
		{46A449CB-8ECF-4648-AF5A-0C09D3A438B5}.Debug|Any CPU.ActiveCfg = Debug|Any CPU
		{46A449CB-8ECF-4648-AF5A-0C09D3A438B5}.Debug|Any CPU.Build.0 = Debug|Any CPU
		{46A449CB-8ECF-4648-AF5A-0C09D3A438B5}.Release|Any CPU.ActiveCfg = Release|Any CPU
		{46A449CB-8ECF-4648-AF5A-0C09D3A438B5}.Release|Any CPU.Build.0 = Release|Any CPU
	EndGlobalSection
	GlobalSection(SolutionProperties) = preSolution
		HideSolutionNode = FALSE
	EndGlobalSection
	GlobalSection(ExtensibilityGlobals) = postSolution
		SolutionGuid = {31B0EF65-51C4-4934-98E0-B020206FF482}
	EndGlobalSection
EndGlobal
